
Microsoft Visual Studio Solution File, Format Version 12.00
# Visual Studio Version 16
VisualStudioVersion = 16.0.33927.289
MinimumVisualStudioVersion = 10.0.40219.1
Project("{2150E333-8FDC-42A3-9474-1A3956D46DE8}") = "Task0", "Task0", "{BB99330E-9D0C-4E70-87C8-6649ED387305}"
EndProject
Project("{FAE04EC0-301F-11D3-BF4B-00C04F79EFBC}") = "Tyuiu.KulakovEE.Sprint3.Task0.V26", "Tyuiu.KulakovEE.Sprint3.Task0.V26\Tyuiu.KulakovEE.Sprint3.Task0.V26.csproj", "{B9CC4ED5-FD48-4C5C-98AF-A41E6A628597}"
EndProject
Project("{FAE04EC0-301F-11D3-BF4B-00C04F79EFBC}") = "Tyuiu.KulakovEE.Sprint3.Task0.V26.Lib", "Tyuiu.KulakovEE.Sprint3.Task0.V26.Lib\Tyuiu.KulakovEE.Sprint3.Task0.V26.Lib.csproj", "{3BF2D123-6C2F-460E-B339-379601B53107}"
EndProject
Project("{FAE04EC0-301F-11D3-BF4B-00C04F79EFBC}") = "Tyuiu.KulakovEE.Sprint3.Task0.V26.Test", "Tyuiu.KulakovEE.Sprint3.Task0.V26.Test\Tyuiu.KulakovEE.Sprint3.Task0.V26.Test.csproj", "{68E29056-8EB8-4A91-B36C-BFDCEEB45E0F}"
EndProject
Global
	GlobalSection(SolutionConfigurationPlatforms) = preSolution
		Debug|Any CPU = Debug|Any CPU
		Release|Any CPU = Release|Any CPU
	EndGlobalSection
	GlobalSection(ProjectConfigurationPlatforms) = postSolution
		{B9CC4ED5-FD48-4C5C-98AF-A41E6A628597}.Debug|Any CPU.ActiveCfg = Debug|Any CPU
		{B9CC4ED5-FD48-4C5C-98AF-A41E6A628597}.Debug|Any CPU.Build.0 = Debug|Any CPU
		{B9CC4ED5-FD48-4C5C-98AF-A41E6A628597}.Release|Any CPU.ActiveCfg = Release|Any CPU
		{B9CC4ED5-FD48-4C5C-98AF-A41E6A628597}.Release|Any CPU.Build.0 = Release|Any CPU
		{3BF2D123-6C2F-460E-B339-379601B53107}.Debug|Any CPU.ActiveCfg = Debug|Any CPU
		{3BF2D123-6C2F-460E-B339-379601B53107}.Debug|Any CPU.Build.0 = Debug|Any CPU
		{3BF2D123-6C2F-460E-B339-379601B53107}.Release|Any CPU.ActiveCfg = Release|Any CPU
		{3BF2D123-6C2F-460E-B339-379601B53107}.Release|Any CPU.Build.0 = Release|Any CPU
		{68E29056-8EB8-4A91-B36C-BFDCEEB45E0F}.Debug|Any CPU.ActiveCfg = Debug|Any CPU
		{68E29056-8EB8-4A91-B36C-BFDCEEB45E0F}.Debug|Any CPU.Build.0 = Debug|Any CPU
		{68E29056-8EB8-4A91-B36C-BFDCEEB45E0F}.Release|Any CPU.ActiveCfg = Release|Any CPU
		{68E29056-8EB8-4A91-B36C-BFDCEEB45E0F}.Release|Any CPU.Build.0 = Release|Any CPU
	EndGlobalSection
	GlobalSection(SolutionProperties) = preSolution
		HideSolutionNode = FALSE
	EndGlobalSection
	GlobalSection(NestedProjects) = preSolution
		{B9CC4ED5-FD48-4C5C-98AF-A41E6A628597} = {BB99330E-9D0C-4E70-87C8-6649ED387305}
		{3BF2D123-6C2F-460E-B339-379601B53107} = {BB99330E-9D0C-4E70-87C8-6649ED387305}
		{68E29056-8EB8-4A91-B36C-BFDCEEB45E0F} = {BB99330E-9D0C-4E70-87C8-6649ED387305}
	EndGlobalSection
	GlobalSection(ExtensibilityGlobals) = postSolution
		SolutionGuid = {D1AF2657-8B5A-465D-BFC9-8FE2468F03A0}
	EndGlobalSection
EndGlobal
