
Microsoft Visual Studio Solution File, Format Version 12.00
# Visual Studio Version 16
VisualStudioVersion = 16.0.33927.289
MinimumVisualStudioVersion = 10.0.40219.1
Project("{2150E333-8FDC-42A3-9474-1A3956D46DE8}") = "Task0", "Task0", "{BB99330E-9D0C-4E70-87C8-6649ED387305}"
EndProject
Project("{FAE04EC0-301F-11D3-BF4B-00C04F79EFBC}") = "Tyuiu.KulakovEE.Sprint3.Task0.V26", "Tyuiu.KulakovEE.Sprint3.Task0.V26\Tyuiu.KulakovEE.Sprint3.Task0.V26.csproj", "{B9CC4ED5-FD48-4C5C-98AF-A41E6A628597}"
EndProject
Project("{FAE04EC0-301F-11D3-BF4B-00C04F79EFBC}") = "Tyuiu.KulakovEE.Sprint3.Task0.V26.Lib", "Tyuiu.KulakovEE.Sprint3.Task0.V26.Lib\Tyuiu.KulakovEE.Sprint3.Task0.V26.Lib.csproj", "{3BF2D123-6C2F-460E-B339-379601B53107}"
EndProject
Project("{FAE04EC0-301F-11D3-BF4B-00C04F79EFBC}") = "Tyuiu.KulakovEE.Sprint3.Task0.V26.Test", "Tyuiu.KulakovEE.Sprint3.Task0.V26.Test\Tyuiu.KulakovEE.Sprint3.Task0.V26.Test.csproj", "{68E29056-8EB8-4A91-B36C-BFDCEEB45E0F}"
EndProject
Project("{2150E333-8FDC-42A3-9474-1A3956D46DE8}") = "Task1", "Task1", "{A07B2109-8B94-4600-B00C-943B78109610}"
EndProject
Project("{FAE04EC0-301F-11D3-BF4B-00C04F79EFBC}") = "Tyuiu.KulakovEE.Sprint3.Task1.V5", "Tyuiu.KulakovEE.Sprint3.Task1.V5\Tyuiu.KulakovEE.Sprint3.Task1.V5.csproj", "{25282528-2AB0-4FD8-ACB5-A6B492253231}"
EndProject
Project("{FAE04EC0-301F-11D3-BF4B-00C04F79EFBC}") = "Tyuiu.KulakovEE.Sprint3.Task1.V5.Test", "Tyuiu.KulakovEE.Sprint3.Task1.V5.Test\Tyuiu.KulakovEE.Sprint3.Task1.V5.Test.csproj", "{1DA9A5C6-A78E-4BD0-B9B5-7CA0965D6F3C}"
EndProject
Project("{FAE04EC0-301F-11D3-BF4B-00C04F79EFBC}") = "Tyuiu.KulakovEE.Sprint3.Task1.V5.Lib", "Tyuiu.KulakovEE.Sprint3.Task1.V5.Lib\Tyuiu.KulakovEE.Sprint3.Task1.V5.Lib.csproj", "{D8C68398-3BD5-4B81-B90A-E8AA7D232F41}"
EndProject
Project("{2150E333-8FDC-42A3-9474-1A3956D46DE8}") = "Task2", "Task2", "{B3F80149-0484-4589-9FAF-FB149F762066}"
EndProject
Project("{FAE04EC0-301F-11D3-BF4B-00C04F79EFBC}") = "Tyuiu.KulakovEE.Sprint3.Task2.V19", "Tyuiu.KulakovEE.Sprint3.Task2.V19\Tyuiu.KulakovEE.Sprint3.Task2.V19.csproj", "{415A8E06-1C73-440C-A0A5-B09AD199746A}"
EndProject
Project("{FAE04EC0-301F-11D3-BF4B-00C04F79EFBC}") = "Tyuiu.KulakovEE.Sprint3.Task2.V19.Lib", "Tyuiu.KulakovEE.Sprint3.Task2.V19.Lib\Tyuiu.KulakovEE.Sprint3.Task2.V19.Lib.csproj", "{E34C3C20-4E71-48A3-86CC-A13DE9D1EC75}"
EndProject
Project("{FAE04EC0-301F-11D3-BF4B-00C04F79EFBC}") = "Tyuiu.KulakovEE.Sprint3.Task2.V19.Test", "Tyuiu.KulakovEE.Sprint3.Task2.V19.Test\Tyuiu.KulakovEE.Sprint3.Task2.V19.Test.csproj", "{1EA6759C-6F1E-409D-878A-68851BB97D60}"
EndProject
Project("{2150E333-8FDC-42A3-9474-1A3956D46DE8}") = "Task3", "Task3", "{FC9AC387-B78D-4EBB-A53E-CF47D0974584}"
EndProject
Project("{FAE04EC0-301F-11D3-BF4B-00C04F79EFBC}") = "Tyuiu.KulakovEE.Sprint3.Task3.V21", "Tyuiu.KulakovEE.Sprint3.Task3.V21\Tyuiu.KulakovEE.Sprint3.Task3.V21.csproj", "{E80F190B-9C57-40CA-AF3D-851EAA1EDCA0}"
EndProject
Project("{FAE04EC0-301F-11D3-BF4B-00C04F79EFBC}") = "Tyuiu.KulakovEE.Sprint3.Task3.V21.Lib", "Tyuiu.KulakovEE.Sprint3.Task3.V21.Lib\Tyuiu.KulakovEE.Sprint3.Task3.V21.Lib.csproj", "{39DBD64A-A771-468B-9E0B-805B4B89C71E}"
EndProject
Project("{FAE04EC0-301F-11D3-BF4B-00C04F79EFBC}") = "Tyuiu.KulakovEE.Sprint3.Task3.V21.Test", "Tyuiu.KulakovEE.Sprint3.Task3.V21.Test\Tyuiu.KulakovEE.Sprint3.Task3.V21.Test.csproj", "{70CE7585-D67D-416A-A140-7986735C1348}"
EndProject
Project("{2150E333-8FDC-42A3-9474-1A3956D46DE8}") = "Task4", "Task4", "{AD8E6908-7600-47B8-947F-A3C2B56C2CFC}"
EndProject
Project("{FAE04EC0-301F-11D3-BF4B-00C04F79EFBC}") = "Tyuiu.KulakovEE.Sprint3.Task4.V8", "Tyuiu.KulakovEE.Sprint3.Task4.V8\Tyuiu.KulakovEE.Sprint3.Task4.V8.csproj", "{7FA87AC5-53AE-44ED-B078-010EECD789C4}"
EndProject
Project("{FAE04EC0-301F-11D3-BF4B-00C04F79EFBC}") = "Tyuiu.KulakovEE.Sprint3.Task4.V8.Lib", "Tyuiu.KulakovEE.Sprint3.Task4.V8.Lib\Tyuiu.KulakovEE.Sprint3.Task4.V8.Lib.csproj", "{48D7BD63-D062-4413-824D-264E029DF76E}"
EndProject
Project("{FAE04EC0-301F-11D3-BF4B-00C04F79EFBC}") = "Tyuiu.KulakovEE.Sprint3.Task4.V8.Test", "Tyuiu.KulakovEE.Sprint3.Task4.V8.Test\Tyuiu.KulakovEE.Sprint3.Task4.V8.Test.csproj", "{FA79D716-8300-4D7D-9646-0D49266DE1C1}"
EndProject
Project("{2150E333-8FDC-42A3-9474-1A3956D46DE8}") = "Task5", "Task5", "{3AD84864-A8D0-4208-9A30-139B04307F3D}"
EndProject
Project("{FAE04EC0-301F-11D3-BF4B-00C04F79EFBC}") = "Tyuiu.KulakovEE.Sprint3.Task5.V28", "Tyuiu.KulakovEE.Sprint3.Task5.V28\Tyuiu.KulakovEE.Sprint3.Task5.V28.csproj", "{57277642-433A-40B9-B560-232C9C6164BA}"
EndProject
Project("{FAE04EC0-301F-11D3-BF4B-00C04F79EFBC}") = "Tyuiu.KulakovEE.Sprint3.Task5.V28.Lib", "Tyuiu.KulakovEE.Sprint3.Task5.V28.Lib\Tyuiu.KulakovEE.Sprint3.Task5.V28.Lib.csproj", "{645FC0A3-BE10-436D-9CBE-B99A8E8E6145}"
EndProject
Project("{FAE04EC0-301F-11D3-BF4B-00C04F79EFBC}") = "Tyuiu.KulakovEE.Sprint3.Task5.V28.Test", "Tyuiu.KulakovEE.Sprint3.Task5.V28.Test\Tyuiu.KulakovEE.Sprint3.Task5.V28.Test.csproj", "{B5A91689-B96E-45E4-8603-3032013B52A4}"
EndProject
Project("{2150E333-8FDC-42A3-9474-1A3956D46DE8}") = "Task6", "Task6", "{943BA07F-18D8-4F6B-957B-54B05097A51D}"
EndProject
Project("{FAE04EC0-301F-11D3-BF4B-00C04F79EFBC}") = "Tyuiu.KulakovEE.Sprint3.Task6.V7", "Tyuiu.KulakovEE.Sprint3.Task6.V7\Tyuiu.KulakovEE.Sprint3.Task6.V7.csproj", "{09FF9FFD-413A-44D0-A213-4338AF750CA5}"
EndProject
Project("{FAE04EC0-301F-11D3-BF4B-00C04F79EFBC}") = "Tyuiu.KulakovEE.Sprint3.Task6.V7.Lib", "Tyuiu.KulakovEE.Sprint3.Task6.V7.Lib\Tyuiu.KulakovEE.Sprint3.Task6.V7.Lib.csproj", "{FC2B881A-BB7D-42AA-A43C-3184596F7F3B}"
EndProject
Project("{FAE04EC0-301F-11D3-BF4B-00C04F79EFBC}") = "Tyuiu.KulakovEE.Sprint3.Task6.V7.Test", "Tyuiu.KulakovEE.Sprint3.Task6.V7.Test\Tyuiu.KulakovEE.Sprint3.Task6.V7.Test.csproj", "{8EBFA0DB-876E-4253-A217-494B9EF2EF66}"
EndProject
Project("{2150E333-8FDC-42A3-9474-1A3956D46DE8}") = "Task7", "Task7", "{400EC3A1-5E42-42A5-B230-4EBFB1CCE2E2}"
EndProject
Project("{FAE04EC0-301F-11D3-BF4B-00C04F79EFBC}") = "Tyuiu.KulakovEE.Sprint3.Task7.V7", "Tyuiu.KulakovEE.Sprint3.Task7.V7\Tyuiu.KulakovEE.Sprint3.Task7.V7.csproj", "{02E7350B-225A-417D-B0F1-40BA1FCCFFCC}"
EndProject
Project("{FAE04EC0-301F-11D3-BF4B-00C04F79EFBC}") = "Tyuiu.KulakovEE.Sprint3.Task7.V7.Lib", "Tyuiu.KulakovEE.Sprint3.Task7.V7.Lib\Tyuiu.KulakovEE.Sprint3.Task7.V7.Lib.csproj", "{01F0E768-48E6-41AC-B709-193E388E61C7}"
EndProject
Project("{FAE04EC0-301F-11D3-BF4B-00C04F79EFBC}") = "Tyuiu.KulakovEE.Sprint3.Task7.V7.Test", "Tyuiu.KulakovEE.Sprint3.Task7.V7.Test\Tyuiu.KulakovEE.Sprint3.Task7.V7.Test.csproj", "{2E7585B9-3B88-4E71-A2E6-34DEF62D5C3B}"
EndProject
Global
	GlobalSection(SolutionConfigurationPlatforms) = preSolution
		Debug|Any CPU = Debug|Any CPU
		Release|Any CPU = Release|Any CPU
	EndGlobalSection
	GlobalSection(ProjectConfigurationPlatforms) = postSolution
		{B9CC4ED5-FD48-4C5C-98AF-A41E6A628597}.Debug|Any CPU.ActiveCfg = Debug|Any CPU
		{B9CC4ED5-FD48-4C5C-98AF-A41E6A628597}.Debug|Any CPU.Build.0 = Debug|Any CPU
		{B9CC4ED5-FD48-4C5C-98AF-A41E6A628597}.Release|Any CPU.ActiveCfg = Release|Any CPU
		{B9CC4ED5-FD48-4C5C-98AF-A41E6A628597}.Release|Any CPU.Build.0 = Release|Any CPU
		{3BF2D123-6C2F-460E-B339-379601B53107}.Debug|Any CPU.ActiveCfg = Debug|Any CPU
		{3BF2D123-6C2F-460E-B339-379601B53107}.Debug|Any CPU.Build.0 = Debug|Any CPU
		{3BF2D123-6C2F-460E-B339-379601B53107}.Release|Any CPU.ActiveCfg = Release|Any CPU
		{3BF2D123-6C2F-460E-B339-379601B53107}.Release|Any CPU.Build.0 = Release|Any CPU
		{68E29056-8EB8-4A91-B36C-BFDCEEB45E0F}.Debug|Any CPU.ActiveCfg = Debug|Any CPU
		{68E29056-8EB8-4A91-B36C-BFDCEEB45E0F}.Debug|Any CPU.Build.0 = Debug|Any CPU
		{68E29056-8EB8-4A91-B36C-BFDCEEB45E0F}.Release|Any CPU.ActiveCfg = Release|Any CPU
		{68E29056-8EB8-4A91-B36C-BFDCEEB45E0F}.Release|Any CPU.Build.0 = Release|Any CPU
		{25282528-2AB0-4FD8-ACB5-A6B492253231}.Debug|Any CPU.ActiveCfg = Debug|Any CPU
		{25282528-2AB0-4FD8-ACB5-A6B492253231}.Debug|Any CPU.Build.0 = Debug|Any CPU
		{25282528-2AB0-4FD8-ACB5-A6B492253231}.Release|Any CPU.ActiveCfg = Release|Any CPU
		{25282528-2AB0-4FD8-ACB5-A6B492253231}.Release|Any CPU.Build.0 = Release|Any CPU
		{1DA9A5C6-A78E-4BD0-B9B5-7CA0965D6F3C}.Debug|Any CPU.ActiveCfg = Debug|Any CPU
		{1DA9A5C6-A78E-4BD0-B9B5-7CA0965D6F3C}.Debug|Any CPU.Build.0 = Debug|Any CPU
		{1DA9A5C6-A78E-4BD0-B9B5-7CA0965D6F3C}.Release|Any CPU.ActiveCfg = Release|Any CPU
		{1DA9A5C6-A78E-4BD0-B9B5-7CA0965D6F3C}.Release|Any CPU.Build.0 = Release|Any CPU
		{D8C68398-3BD5-4B81-B90A-E8AA7D232F41}.Debug|Any CPU.ActiveCfg = Debug|Any CPU
		{D8C68398-3BD5-4B81-B90A-E8AA7D232F41}.Debug|Any CPU.Build.0 = Debug|Any CPU
		{D8C68398-3BD5-4B81-B90A-E8AA7D232F41}.Release|Any CPU.ActiveCfg = Release|Any CPU
		{D8C68398-3BD5-4B81-B90A-E8AA7D232F41}.Release|Any CPU.Build.0 = Release|Any CPU
		{415A8E06-1C73-440C-A0A5-B09AD199746A}.Debug|Any CPU.ActiveCfg = Debug|Any CPU
		{415A8E06-1C73-440C-A0A5-B09AD199746A}.Debug|Any CPU.Build.0 = Debug|Any CPU
		{415A8E06-1C73-440C-A0A5-B09AD199746A}.Release|Any CPU.ActiveCfg = Release|Any CPU
		{415A8E06-1C73-440C-A0A5-B09AD199746A}.Release|Any CPU.Build.0 = Release|Any CPU
		{E34C3C20-4E71-48A3-86CC-A13DE9D1EC75}.Debug|Any CPU.ActiveCfg = Debug|Any CPU
		{E34C3C20-4E71-48A3-86CC-A13DE9D1EC75}.Debug|Any CPU.Build.0 = Debug|Any CPU
		{E34C3C20-4E71-48A3-86CC-A13DE9D1EC75}.Release|Any CPU.ActiveCfg = Release|Any CPU
		{E34C3C20-4E71-48A3-86CC-A13DE9D1EC75}.Release|Any CPU.Build.0 = Release|Any CPU
		{1EA6759C-6F1E-409D-878A-68851BB97D60}.Debug|Any CPU.ActiveCfg = Debug|Any CPU
		{1EA6759C-6F1E-409D-878A-68851BB97D60}.Debug|Any CPU.Build.0 = Debug|Any CPU
		{1EA6759C-6F1E-409D-878A-68851BB97D60}.Release|Any CPU.ActiveCfg = Release|Any CPU
		{1EA6759C-6F1E-409D-878A-68851BB97D60}.Release|Any CPU.Build.0 = Release|Any CPU
		{E80F190B-9C57-40CA-AF3D-851EAA1EDCA0}.Debug|Any CPU.ActiveCfg = Debug|Any CPU
		{E80F190B-9C57-40CA-AF3D-851EAA1EDCA0}.Debug|Any CPU.Build.0 = Debug|Any CPU
		{E80F190B-9C57-40CA-AF3D-851EAA1EDCA0}.Release|Any CPU.ActiveCfg = Release|Any CPU
		{E80F190B-9C57-40CA-AF3D-851EAA1EDCA0}.Release|Any CPU.Build.0 = Release|Any CPU
		{39DBD64A-A771-468B-9E0B-805B4B89C71E}.Debug|Any CPU.ActiveCfg = Debug|Any CPU
		{39DBD64A-A771-468B-9E0B-805B4B89C71E}.Debug|Any CPU.Build.0 = Debug|Any CPU
		{39DBD64A-A771-468B-9E0B-805B4B89C71E}.Release|Any CPU.ActiveCfg = Release|Any CPU
		{39DBD64A-A771-468B-9E0B-805B4B89C71E}.Release|Any CPU.Build.0 = Release|Any CPU
		{70CE7585-D67D-416A-A140-7986735C1348}.Debug|Any CPU.ActiveCfg = Debug|Any CPU
		{70CE7585-D67D-416A-A140-7986735C1348}.Debug|Any CPU.Build.0 = Debug|Any CPU
		{70CE7585-D67D-416A-A140-7986735C1348}.Release|Any CPU.ActiveCfg = Release|Any CPU
		{70CE7585-D67D-416A-A140-7986735C1348}.Release|Any CPU.Build.0 = Release|Any CPU
		{7FA87AC5-53AE-44ED-B078-010EECD789C4}.Debug|Any CPU.ActiveCfg = Debug|Any CPU
		{7FA87AC5-53AE-44ED-B078-010EECD789C4}.Debug|Any CPU.Build.0 = Debug|Any CPU
		{7FA87AC5-53AE-44ED-B078-010EECD789C4}.Release|Any CPU.ActiveCfg = Release|Any CPU
		{7FA87AC5-53AE-44ED-B078-010EECD789C4}.Release|Any CPU.Build.0 = Release|Any CPU
		{48D7BD63-D062-4413-824D-264E029DF76E}.Debug|Any CPU.ActiveCfg = Debug|Any CPU
		{48D7BD63-D062-4413-824D-264E029DF76E}.Debug|Any CPU.Build.0 = Debug|Any CPU
		{48D7BD63-D062-4413-824D-264E029DF76E}.Release|Any CPU.ActiveCfg = Release|Any CPU
		{48D7BD63-D062-4413-824D-264E029DF76E}.Release|Any CPU.Build.0 = Release|Any CPU
		{FA79D716-8300-4D7D-9646-0D49266DE1C1}.Debug|Any CPU.ActiveCfg = Debug|Any CPU
		{FA79D716-8300-4D7D-9646-0D49266DE1C1}.Debug|Any CPU.Build.0 = Debug|Any CPU
		{FA79D716-8300-4D7D-9646-0D49266DE1C1}.Release|Any CPU.ActiveCfg = Release|Any CPU
		{FA79D716-8300-4D7D-9646-0D49266DE1C1}.Release|Any CPU.Build.0 = Release|Any CPU
		{57277642-433A-40B9-B560-232C9C6164BA}.Debug|Any CPU.ActiveCfg = Debug|Any CPU
		{57277642-433A-40B9-B560-232C9C6164BA}.Debug|Any CPU.Build.0 = Debug|Any CPU
		{57277642-433A-40B9-B560-232C9C6164BA}.Release|Any CPU.ActiveCfg = Release|Any CPU
		{57277642-433A-40B9-B560-232C9C6164BA}.Release|Any CPU.Build.0 = Release|Any CPU
		{645FC0A3-BE10-436D-9CBE-B99A8E8E6145}.Debug|Any CPU.ActiveCfg = Debug|Any CPU
		{645FC0A3-BE10-436D-9CBE-B99A8E8E6145}.Debug|Any CPU.Build.0 = Debug|Any CPU
		{645FC0A3-BE10-436D-9CBE-B99A8E8E6145}.Release|Any CPU.ActiveCfg = Release|Any CPU
		{645FC0A3-BE10-436D-9CBE-B99A8E8E6145}.Release|Any CPU.Build.0 = Release|Any CPU
		{B5A91689-B96E-45E4-8603-3032013B52A4}.Debug|Any CPU.ActiveCfg = Debug|Any CPU
		{B5A91689-B96E-45E4-8603-3032013B52A4}.Debug|Any CPU.Build.0 = Debug|Any CPU
		{B5A91689-B96E-45E4-8603-3032013B52A4}.Release|Any CPU.ActiveCfg = Release|Any CPU
		{B5A91689-B96E-45E4-8603-3032013B52A4}.Release|Any CPU.Build.0 = Release|Any CPU
		{09FF9FFD-413A-44D0-A213-4338AF750CA5}.Debug|Any CPU.ActiveCfg = Debug|Any CPU
		{09FF9FFD-413A-44D0-A213-4338AF750CA5}.Debug|Any CPU.Build.0 = Debug|Any CPU
		{09FF9FFD-413A-44D0-A213-4338AF750CA5}.Release|Any CPU.ActiveCfg = Release|Any CPU
		{09FF9FFD-413A-44D0-A213-4338AF750CA5}.Release|Any CPU.Build.0 = Release|Any CPU
		{FC2B881A-BB7D-42AA-A43C-3184596F7F3B}.Debug|Any CPU.ActiveCfg = Debug|Any CPU
		{FC2B881A-BB7D-42AA-A43C-3184596F7F3B}.Debug|Any CPU.Build.0 = Debug|Any CPU
		{FC2B881A-BB7D-42AA-A43C-3184596F7F3B}.Release|Any CPU.ActiveCfg = Release|Any CPU
		{FC2B881A-BB7D-42AA-A43C-3184596F7F3B}.Release|Any CPU.Build.0 = Release|Any CPU
		{8EBFA0DB-876E-4253-A217-494B9EF2EF66}.Debug|Any CPU.ActiveCfg = Debug|Any CPU
		{8EBFA0DB-876E-4253-A217-494B9EF2EF66}.Debug|Any CPU.Build.0 = Debug|Any CPU
		{8EBFA0DB-876E-4253-A217-494B9EF2EF66}.Release|Any CPU.ActiveCfg = Release|Any CPU
		{8EBFA0DB-876E-4253-A217-494B9EF2EF66}.Release|Any CPU.Build.0 = Release|Any CPU
		{02E7350B-225A-417D-B0F1-40BA1FCCFFCC}.Debug|Any CPU.ActiveCfg = Debug|Any CPU
		{02E7350B-225A-417D-B0F1-40BA1FCCFFCC}.Debug|Any CPU.Build.0 = Debug|Any CPU
		{02E7350B-225A-417D-B0F1-40BA1FCCFFCC}.Release|Any CPU.ActiveCfg = Release|Any CPU
		{02E7350B-225A-417D-B0F1-40BA1FCCFFCC}.Release|Any CPU.Build.0 = Release|Any CPU
		{01F0E768-48E6-41AC-B709-193E388E61C7}.Debug|Any CPU.ActiveCfg = Debug|Any CPU
		{01F0E768-48E6-41AC-B709-193E388E61C7}.Debug|Any CPU.Build.0 = Debug|Any CPU
		{01F0E768-48E6-41AC-B709-193E388E61C7}.Release|Any CPU.ActiveCfg = Release|Any CPU
		{01F0E768-48E6-41AC-B709-193E388E61C7}.Release|Any CPU.Build.0 = Release|Any CPU
		{2E7585B9-3B88-4E71-A2E6-34DEF62D5C3B}.Debug|Any CPU.ActiveCfg = Debug|Any CPU
		{2E7585B9-3B88-4E71-A2E6-34DEF62D5C3B}.Debug|Any CPU.Build.0 = Debug|Any CPU
		{2E7585B9-3B88-4E71-A2E6-34DEF62D5C3B}.Release|Any CPU.ActiveCfg = Release|Any CPU
		{2E7585B9-3B88-4E71-A2E6-34DEF62D5C3B}.Release|Any CPU.Build.0 = Release|Any CPU
	EndGlobalSection
	GlobalSection(SolutionProperties) = preSolution
		HideSolutionNode = FALSE
	EndGlobalSection
	GlobalSection(NestedProjects) = preSolution
		{B9CC4ED5-FD48-4C5C-98AF-A41E6A628597} = {BB99330E-9D0C-4E70-87C8-6649ED387305}
		{3BF2D123-6C2F-460E-B339-379601B53107} = {BB99330E-9D0C-4E70-87C8-6649ED387305}
		{68E29056-8EB8-4A91-B36C-BFDCEEB45E0F} = {BB99330E-9D0C-4E70-87C8-6649ED387305}
		{25282528-2AB0-4FD8-ACB5-A6B492253231} = {A07B2109-8B94-4600-B00C-943B78109610}
		{1DA9A5C6-A78E-4BD0-B9B5-7CA0965D6F3C} = {A07B2109-8B94-4600-B00C-943B78109610}
		{D8C68398-3BD5-4B81-B90A-E8AA7D232F41} = {A07B2109-8B94-4600-B00C-943B78109610}
		{415A8E06-1C73-440C-A0A5-B09AD199746A} = {B3F80149-0484-4589-9FAF-FB149F762066}
		{E34C3C20-4E71-48A3-86CC-A13DE9D1EC75} = {B3F80149-0484-4589-9FAF-FB149F762066}
		{1EA6759C-6F1E-409D-878A-68851BB97D60} = {B3F80149-0484-4589-9FAF-FB149F762066}
		{E80F190B-9C57-40CA-AF3D-851EAA1EDCA0} = {FC9AC387-B78D-4EBB-A53E-CF47D0974584}
		{39DBD64A-A771-468B-9E0B-805B4B89C71E} = {FC9AC387-B78D-4EBB-A53E-CF47D0974584}
		{70CE7585-D67D-416A-A140-7986735C1348} = {FC9AC387-B78D-4EBB-A53E-CF47D0974584}
		{7FA87AC5-53AE-44ED-B078-010EECD789C4} = {AD8E6908-7600-47B8-947F-A3C2B56C2CFC}
		{48D7BD63-D062-4413-824D-264E029DF76E} = {AD8E6908-7600-47B8-947F-A3C2B56C2CFC}
		{FA79D716-8300-4D7D-9646-0D49266DE1C1} = {AD8E6908-7600-47B8-947F-A3C2B56C2CFC}
		{57277642-433A-40B9-B560-232C9C6164BA} = {3AD84864-A8D0-4208-9A30-139B04307F3D}
		{645FC0A3-BE10-436D-9CBE-B99A8E8E6145} = {3AD84864-A8D0-4208-9A30-139B04307F3D}
		{B5A91689-B96E-45E4-8603-3032013B52A4} = {3AD84864-A8D0-4208-9A30-139B04307F3D}
		{09FF9FFD-413A-44D0-A213-4338AF750CA5} = {943BA07F-18D8-4F6B-957B-54B05097A51D}
		{FC2B881A-BB7D-42AA-A43C-3184596F7F3B} = {943BA07F-18D8-4F6B-957B-54B05097A51D}
		{8EBFA0DB-876E-4253-A217-494B9EF2EF66} = {943BA07F-18D8-4F6B-957B-54B05097A51D}
		{02E7350B-225A-417D-B0F1-40BA1FCCFFCC} = {400EC3A1-5E42-42A5-B230-4EBFB1CCE2E2}
		{01F0E768-48E6-41AC-B709-193E388E61C7} = {400EC3A1-5E42-42A5-B230-4EBFB1CCE2E2}
		{2E7585B9-3B88-4E71-A2E6-34DEF62D5C3B} = {400EC3A1-5E42-42A5-B230-4EBFB1CCE2E2}
	EndGlobalSection
	GlobalSection(ExtensibilityGlobals) = postSolution
		SolutionGuid = {D1AF2657-8B5A-465D-BFC9-8FE2468F03A0}
	EndGlobalSection
EndGlobal
